
Microsoft Visual Studio Solution File, Format Version 12.00
# Visual Studio 15
VisualStudioVersion = 15.0.28010.2016
MinimumVisualStudioVersion = 10.0.40219.1
Project("{FAE04EC0-301F-11D3-BF4B-00C04F79EFBC}") = "prjWebRemax", "prjWebRemax\prjWebRemax.csproj", "{D88B2023-7E10-47D7-886F-7A35241F352C}"
EndProject
Global
	GlobalSection(SolutionConfigurationPlatforms) = preSolution
		Debug|Any CPU = Debug|Any CPU
		Release|Any CPU = Release|Any CPU
	EndGlobalSection
	GlobalSection(ProjectConfigurationPlatforms) = postSolution
		{D88B2023-7E10-47D7-886F-7A35241F352C}.Debug|Any CPU.ActiveCfg = Debug|Any CPU
		{D88B2023-7E10-47D7-886F-7A35241F352C}.Debug|Any CPU.Build.0 = Debug|Any CPU
		{D88B2023-7E10-47D7-886F-7A35241F352C}.Release|Any CPU.ActiveCfg = Release|Any CPU
		{D88B2023-7E10-47D7-886F-7A35241F352C}.Release|Any CPU.Build.0 = Release|Any CPU
	EndGlobalSection
	GlobalSection(SolutionProperties) = preSolution
		HideSolutionNode = FALSE
	EndGlobalSection
	GlobalSection(ExtensibilityGlobals) = postSolution
		SolutionGuid = {968C04D2-0077-4E64-A664-49956106BD6E}
	EndGlobalSection
EndGlobal
